
Microsoft Visual Studio Solution File, Format Version 12.00
# Visual Studio Version 17
VisualStudioVersion = 17.10.35122.118
MinimumVisualStudioVersion = 10.0.40219.1
Project("{FAE04EC0-301F-11D3-BF4B-00C04F79EFBC}") = "WebAPI", "WebAPI\WebAPI.csproj", "{85982C42-8AFC-460C-8100-4E413C8CDFD4}"
EndProject
Global
	GlobalSection(SolutionConfigurationPlatforms) = preSolution
		Debug|Any CPU = Debug|Any CPU
		Release|Any CPU = Release|Any CPU
	EndGlobalSection
	GlobalSection(ProjectConfigurationPlatforms) = postSolution
		{85982C42-8AFC-460C-8100-4E413C8CDFD4}.Debug|Any CPU.ActiveCfg = Debug|Any CPU
		{85982C42-8AFC-460C-8100-4E413C8CDFD4}.Debug|Any CPU.Build.0 = Debug|Any CPU
		{85982C42-8AFC-460C-8100-4E413C8CDFD4}.Release|Any CPU.ActiveCfg = Release|Any CPU
		{85982C42-8AFC-460C-8100-4E413C8CDFD4}.Release|Any CPU.Build.0 = Release|Any CPU
	EndGlobalSection
	GlobalSection(SolutionProperties) = preSolution
		HideSolutionNode = FALSE
	EndGlobalSection
	GlobalSection(ExtensibilityGlobals) = postSolution
		SolutionGuid = {E4FB02D4-02D0-4966-ABF7-D2803BB20404}
	EndGlobalSection
EndGlobal
